
Microsoft Visual Studio Solution File, Format Version 12.00
# Visual Studio 14
VisualStudioVersion = 14.0.25123.0
MinimumVisualStudioVersion = 10.0.40219.1
Project("{FAE04EC0-301F-11D3-BF4B-00C04F79EFBC}") = "ORM", "ORM\ORM.csproj", "{DF47BC55-6A93-4E79-B373-6AFD8CF99914}"
EndProject
Project("{FAE04EC0-301F-11D3-BF4B-00C04F79EFBC}") = "DAL", "DAL\DAL.csproj", "{8B9D7E39-DC49-47FB-A0D8-DBC96424057B}"
EndProject
Project("{FAE04EC0-301F-11D3-BF4B-00C04F79EFBC}") = "DependencyResolver", "DependencyResolver\DependencyResolver.csproj", "{AC1A5E27-C9C6-4333-9695-DE52DA1DD7BD}"
EndProject
Project("{FAE04EC0-301F-11D3-BF4B-00C04F79EFBC}") = "BLL", "BLL\BLL.csproj", "{C79DED84-0E4C-4FA7-9B7F-D4031B5AEC46}"
EndProject
Project("{FAE04EC0-301F-11D3-BF4B-00C04F79EFBC}") = "MvcPL", "MvcPL\MvcPL.csproj", "{0AD26EE0-F727-4F61-89A9-2855EF823B89}"
EndProject
Global
	GlobalSection(SolutionConfigurationPlatforms) = preSolution
		Debug|Any CPU = Debug|Any CPU
		Release|Any CPU = Release|Any CPU
	EndGlobalSection
	GlobalSection(ProjectConfigurationPlatforms) = postSolution
		{DF47BC55-6A93-4E79-B373-6AFD8CF99914}.Debug|Any CPU.ActiveCfg = Debug|Any CPU
		{DF47BC55-6A93-4E79-B373-6AFD8CF99914}.Debug|Any CPU.Build.0 = Debug|Any CPU
		{DF47BC55-6A93-4E79-B373-6AFD8CF99914}.Release|Any CPU.ActiveCfg = Release|Any CPU
		{DF47BC55-6A93-4E79-B373-6AFD8CF99914}.Release|Any CPU.Build.0 = Release|Any CPU
		{8B9D7E39-DC49-47FB-A0D8-DBC96424057B}.Debug|Any CPU.ActiveCfg = Debug|Any CPU
		{8B9D7E39-DC49-47FB-A0D8-DBC96424057B}.Debug|Any CPU.Build.0 = Debug|Any CPU
		{8B9D7E39-DC49-47FB-A0D8-DBC96424057B}.Release|Any CPU.ActiveCfg = Release|Any CPU
		{8B9D7E39-DC49-47FB-A0D8-DBC96424057B}.Release|Any CPU.Build.0 = Release|Any CPU
		{AC1A5E27-C9C6-4333-9695-DE52DA1DD7BD}.Debug|Any CPU.ActiveCfg = Debug|Any CPU
		{AC1A5E27-C9C6-4333-9695-DE52DA1DD7BD}.Debug|Any CPU.Build.0 = Debug|Any CPU
		{AC1A5E27-C9C6-4333-9695-DE52DA1DD7BD}.Release|Any CPU.ActiveCfg = Release|Any CPU
		{AC1A5E27-C9C6-4333-9695-DE52DA1DD7BD}.Release|Any CPU.Build.0 = Release|Any CPU
		{C79DED84-0E4C-4FA7-9B7F-D4031B5AEC46}.Debug|Any CPU.ActiveCfg = Debug|Any CPU
		{C79DED84-0E4C-4FA7-9B7F-D4031B5AEC46}.Debug|Any CPU.Build.0 = Debug|Any CPU
		{C79DED84-0E4C-4FA7-9B7F-D4031B5AEC46}.Release|Any CPU.ActiveCfg = Release|Any CPU
		{C79DED84-0E4C-4FA7-9B7F-D4031B5AEC46}.Release|Any CPU.Build.0 = Release|Any CPU
		{0AD26EE0-F727-4F61-89A9-2855EF823B89}.Debug|Any CPU.ActiveCfg = Debug|Any CPU
		{0AD26EE0-F727-4F61-89A9-2855EF823B89}.Debug|Any CPU.Build.0 = Debug|Any CPU
		{0AD26EE0-F727-4F61-89A9-2855EF823B89}.Release|Any CPU.ActiveCfg = Release|Any CPU
		{0AD26EE0-F727-4F61-89A9-2855EF823B89}.Release|Any CPU.Build.0 = Release|Any CPU
	EndGlobalSection
	GlobalSection(SolutionProperties) = preSolution
		HideSolutionNode = FALSE
	EndGlobalSection
EndGlobal
